
Microsoft Visual Studio Solution File, Format Version 12.00
Project("{FAE04EC0-301F-11D3-BF4B-00C04F79EFBC}") = "Api", "Api\Api.csproj", "{880D23AB-618A-4CF5-9D08-4FFFB49A07C9}"
EndProject
Project("{FAE04EC0-301F-11D3-BF4B-00C04F79EFBC}") = "AllLogic", "AllLogic\AllLogic.csproj", "{58CEEA6D-2916-4CD0-9698-4BE11368F14F}"
EndProject
Global
	GlobalSection(SolutionConfigurationPlatforms) = preSolution
		Debug|Any CPU = Debug|Any CPU
		Release|Any CPU = Release|Any CPU
	EndGlobalSection
	GlobalSection(ProjectConfigurationPlatforms) = postSolution
		{880D23AB-618A-4CF5-9D08-4FFFB49A07C9}.Debug|Any CPU.ActiveCfg = Debug|Any CPU
		{880D23AB-618A-4CF5-9D08-4FFFB49A07C9}.Debug|Any CPU.Build.0 = Debug|Any CPU
		{880D23AB-618A-4CF5-9D08-4FFFB49A07C9}.Release|Any CPU.ActiveCfg = Release|Any CPU
		{880D23AB-618A-4CF5-9D08-4FFFB49A07C9}.Release|Any CPU.Build.0 = Release|Any CPU
		{58CEEA6D-2916-4CD0-9698-4BE11368F14F}.Debug|Any CPU.ActiveCfg = Debug|Any CPU
		{58CEEA6D-2916-4CD0-9698-4BE11368F14F}.Debug|Any CPU.Build.0 = Debug|Any CPU
		{58CEEA6D-2916-4CD0-9698-4BE11368F14F}.Release|Any CPU.ActiveCfg = Release|Any CPU
		{58CEEA6D-2916-4CD0-9698-4BE11368F14F}.Release|Any CPU.Build.0 = Release|Any CPU
	EndGlobalSection
EndGlobal
